schema: '2.0'
stages:
  data_ingestion:
    cmd: python src/cnnClassifier/pipeline/stage_01_data_ingestion.py
    deps:
    - path: config/config.yaml
      hash: md5
      md5: dae86aa772d4819c8514ea91d7c89315
      size: 1039
    - path: src/cnnClassifier/pipeline/stage_01_data_ingestion.py
      hash: md5
      md5: dfe8c344847d8bfbab856e0e78e1ee21
      size: 906
    outs:
    - path: artifacts/data_ingestion/Chicken-fecal-images
      hash: md5
      md5: 9e1f8dd2eae3c29e9d635df89d438ae4.dir
      size: 12207807
      nfiles: 390
  prepare_base_model:
    cmd: python src/cnnClassifier/pipeline/stage_02_prepare_base_model.py
    deps:
    - path: config/config.yaml
      hash: md5
      md5: dae86aa772d4819c8514ea91d7c89315
      size: 1039
    - path: src/cnnClassifier/pipeline/stage_02_prepare_base_model.py
      hash: md5
      md5: dd6f32a04e70093fcc4073cb138cdef2
      size: 997
    params:
      params.yaml:
        CLASSES: 2
        IMAGE_SIZE:
        - 224
        - 224
        - 3
        INCLUDE_TOP: false
        LEARNING_RATE: 0.01
        WEIGHTS: imagenet
    outs:
    - path: artifacts/prepare_base_model
      hash: md5
      md5: ac3c9ffd8fc64b982be2e5df3492591d.dir
      size: 118059248
      nfiles: 2
  training:
    cmd: python src/cnnClassifier/pipeline/stage_03_training.py
    deps:
    - path: artifacts/data_ingestion/Chicken-fecal-images
      hash: md5
      md5: 9e1f8dd2eae3c29e9d635df89d438ae4.dir
      size: 12207807
      nfiles: 390
    - path: artifacts/prepare_base_model
      hash: md5
      md5: ac3c9ffd8fc64b982be2e5df3492591d.dir
      size: 118059248
      nfiles: 2
    - path: config/config.yaml
      hash: md5
      md5: dae86aa772d4819c8514ea91d7c89315
      size: 1039
    - path: src/cnnClassifier/components/prepare_callbacks.py
      hash: md5
      md5: 982c2ae6398e2f0c3b8d8e875b2637ee
      size: 1003
    - path: src/cnnClassifier/pipeline/stage_03_training.py
      hash: md5
      md5: e282c6aa149ee05234fa987f22537d15
      size: 1266
    params:
      params.yaml:
        AUGMENTATION: true
        BATCH_SIZE: 16
        EPOCHS: 1
        IMAGE_SIZE:
        - 224
        - 224
        - 3
    outs:
    - path: artifacts/training/model.h5
      hash: md5
      md5: fd6ba09934a9c3daea5f55ef7d5fe14b
      size: 59340720
  evaluation:
    cmd: python src/cnnClassifier/pipeline/stage_04_evaluation.py
    deps:
    - path: artifacts/data_ingestion/Chicken-fecal-images
      hash: md5
      md5: 9e1f8dd2eae3c29e9d635df89d438ae4.dir
      size: 12207807
      nfiles: 390
    - path: artifacts/training/model.h5
      hash: md5
      md5: fd6ba09934a9c3daea5f55ef7d5fe14b
      size: 59340720
    - path: config/config.yaml
      hash: md5
      md5: dae86aa772d4819c8514ea91d7c89315
      size: 1039
    - path: src/cnnClassifier/pipeline/stage_04_evaluation.py
      hash: md5
      md5: 18d8a46a52eb6a0e625b1890cfa263c5
      size: 883
    params:
      params.yaml:
        BATCH_SIZE: 16
        IMAGE_SIZE:
        - 224
        - 224
        - 3
    outs:
    - path: scores.json
      hash: md5
      md5: 1bb80b3226da406e3dd274daa10b3ae3
      size: 72
